// !$*UTF8*$!
{
	archiveVersion = 1;
	classes = {
	};
	objectVersion = 50;
	objects = {

/* Begin PBXBuildFile section */
		22B6D78E2339417A0034502A /* AppDelegate.swift in Sources */ = {isa = PBXBuildFile; fileRef = 22B6D78D2339417A0034502A /* AppDelegate.swift */; };
		22B6D7902339417A0034502A /* SceneDelegate.swift in Sources */ = {isa = PBXBuildFile; fileRef = 22B6D78F2339417A0034502A /* SceneDelegate.swift */; };
		22B6D7972339417B0034502A /* Assets.xcassets in Resources */ = {isa = PBXBuildFile; fileRef = 22B6D7962339417B0034502A /* Assets.xcassets */; };
		22B6D79A2339417B0034502A /* LaunchScreen.storyboard in Resources */ = {isa = PBXBuildFile; fileRef = 22B6D7982339417B0034502A /* LaunchScreen.storyboard */; };
		22B6D7A52339417B0034502A /* LocalNewsTests.swift in Sources */ = {isa = PBXBuildFile; fileRef = 22B6D7A42339417B0034502A /* LocalNewsTests.swift */; };
		22F849E0233A938D00B55DD9 /* Main.storyboard in Resources */ = {isa = PBXBuildFile; fileRef = 22F849DF233A938D00B55DD9 /* Main.storyboard */; };
		22F849E8233A948F00B55DD9 /* SignUpVC.swift in Sources */ = {isa = PBXBuildFile; fileRef = 22F849E2233A948F00B55DD9 /* SignUpVC.swift */; };
		22F849E9233A948F00B55DD9 /* ResetPwdVC.swift in Sources */ = {isa = PBXBuildFile; fileRef = 22F849E3233A948F00B55DD9 /* ResetPwdVC.swift */; };
		22F849EA233A948F00B55DD9 /* EnterNewPwdVC.swift in Sources */ = {isa = PBXBuildFile; fileRef = 22F849E4233A948F00B55DD9 /* EnterNewPwdVC.swift */; };
		22F849EB233A948F00B55DD9 /* LoginVC.swift in Sources */ = {isa = PBXBuildFile; fileRef = 22F849E5233A948F00B55DD9 /* LoginVC.swift */; };
		22F849EC233A948F00B55DD9 /* HomeVC.swift in Sources */ = {isa = PBXBuildFile; fileRef = 22F849E6233A948F00B55DD9 /* HomeVC.swift */; };
		22F849ED233A948F00B55DD9 /* VerificationVC.swift in Sources */ = {isa = PBXBuildFile; fileRef = 22F849E7233A948F00B55DD9 /* VerificationVC.swift */; };
		22F849F0233A94D900B55DD9 /* Utilities.swift in Sources */ = {isa = PBXBuildFile; fileRef = 22F849EF233A94D900B55DD9 /* Utilities.swift */; };
		22F84A04233A94E900B55DD9 /* Segoe UI Italic.ttf in Resources */ = {isa = PBXBuildFile; fileRef = 22F849F3233A94E900B55DD9 /* Segoe UI Italic.ttf */; };
		22F84A05233A94E900B55DD9 /* Segoe UI.ttf in Resources */ = {isa = PBXBuildFile; fileRef = 22F849F4233A94E900B55DD9 /* Segoe UI.ttf */; };
		22F84A06233A94E900B55DD9 /* Segoe UI Bold.ttf in Resources */ = {isa = PBXBuildFile; fileRef = 22F849F5233A94E900B55DD9 /* Segoe UI Bold.ttf */; };
		22F84A07233A94E900B55DD9 /* Segoe UI Bold Italic.ttf in Resources */ = {isa = PBXBuildFile; fileRef = 22F849F6233A94E900B55DD9 /* Segoe UI Bold Italic.ttf */; };
		22F84A08233A94E900B55DD9 /* SFUIText-Medium.ttf in Resources */ = {isa = PBXBuildFile; fileRef = 22F849F8233A94E900B55DD9 /* SFUIText-Medium.ttf */; };
		22F84A09233A94E900B55DD9 /* SFUIText-Regular.ttf in Resources */ = {isa = PBXBuildFile; fileRef = 22F849F9233A94E900B55DD9 /* SFUIText-Regular.ttf */; };
		22F84A0A233A94E900B55DD9 /* SFUIText-Heavy.ttf in Resources */ = {isa = PBXBuildFile; fileRef = 22F849FA233A94E900B55DD9 /* SFUIText-Heavy.ttf */; };
		22F84A0B233A94E900B55DD9 /* SFUIText-Bold.ttf in Resources */ = {isa = PBXBuildFile; fileRef = 22F849FB233A94E900B55DD9 /* SFUIText-Bold.ttf */; };
		22F84A0C233A94E900B55DD9 /* SFUIText-Light.ttf in Resources */ = {isa = PBXBuildFile; fileRef = 22F849FC233A94E900B55DD9 /* SFUIText-Light.ttf */; };
		22F84A0D233A94E900B55DD9 /* SFUIText-Semibold.ttf in Resources */ = {isa = PBXBuildFile; fileRef = 22F849FD233A94E900B55DD9 /* SFUIText-Semibold.ttf */; };
		22F84A0E233A94E900B55DD9 /* SFUIText-LightItalic.ttf in Resources */ = {isa = PBXBuildFile; fileRef = 22F849FE233A94E900B55DD9 /* SFUIText-LightItalic.ttf */; };
		22F84A0F233A94E900B55DD9 /* SFUIText-BoldItalic.ttf in Resources */ = {isa = PBXBuildFile; fileRef = 22F849FF233A94E900B55DD9 /* SFUIText-BoldItalic.ttf */; };
		22F84A10233A94E900B55DD9 /* SFUIText-MediumItalic.ttf in Resources */ = {isa = PBXBuildFile; fileRef = 22F84A00233A94E900B55DD9 /* SFUIText-MediumItalic.ttf */; };
		22F84A11233A94E900B55DD9 /* SFUIText-SemiboldItalic.ttf in Resources */ = {isa = PBXBuildFile; fileRef = 22F84A01233A94E900B55DD9 /* SFUIText-SemiboldItalic.ttf */; };
		22F84A12233A94E900B55DD9 /* SFUIText-HeavyItalic.ttf in Resources */ = {isa = PBXBuildFile; fileRef = 22F84A02233A94E900B55DD9 /* SFUIText-HeavyItalic.ttf */; };
		22F84A13233A94E900B55DD9 /* SFUIText-RegularItalic.ttf in Resources */ = {isa = PBXBuildFile; fileRef = 22F84A03233A94E900B55DD9 /* SFUIText-RegularItalic.ttf */; };
		22F84A15233A96C700B55DD9 /* loginVideo.mp4 in Resources */ = {isa = PBXBuildFile; fileRef = 22F84A14233A96C600B55DD9 /* loginVideo.mp4 */; };
/* End PBXBuildFile section */

/* Begin PBXContainerItemProxy section */
		22B6D7A12339417B0034502A /* PBXContainerItemProxy */ = {
			isa = PBXContainerItemProxy;
			containerPortal = 22B6D782233941790034502A /* Project object */;
			proxyType = 1;
			remoteGlobalIDString = 22B6D7892339417A0034502A;
			remoteInfo = LocalNews;
		};
/* End PBXContainerItemProxy section */

/* Begin PBXFileReference section */
		22B6D78A2339417A0034502A /* LocalNews.app */ = {isa = PBXFileReference; explicitFileType = wrapper.application; includeInIndex = 0; path = LocalNews.app; sourceTree = BUILT_PRODUCTS_DIR; };
		22B6D78D2339417A0034502A /* AppDelegate.swift */ = {isa = PBXFileReference; lastKnownFileType = sourcecode.swift; path = AppDelegate.swift; sourceTree = "<group>"; };
		22B6D78F2339417A0034502A /* SceneDelegate.swift */ = {isa = PBXFileReference; lastKnownFileType = sourcecode.swift; path = SceneDelegate.swift; sourceTree = "<group>"; };
		22B6D7962339417B0034502A /* Assets.xcassets */ = {isa = PBXFileReference; lastKnownFileType = folder.assetcatalog; path = Assets.xcassets; sourceTree = "<group>"; };
		22B6D7992339417B0034502A /* Base */ = {isa = PBXFileReference; lastKnownFileType = file.storyboard; name = Base; path = Base.lproj/LaunchScreen.storyboard; sourceTree = "<group>"; };
		22B6D79B2339417B0034502A /* Info.plist */ = {isa = PBXFileReference; lastKnownFileType = text.plist.xml; path = Info.plist; sourceTree = "<group>"; };
		22B6D7A02339417B0034502A /* LocalNewsTests.xctest */ = {isa = PBXFileReference; explicitFileType = wrapper.cfbundle; includeInIndex = 0; path = LocalNewsTests.xctest; sourceTree = BUILT_PRODUCTS_DIR; };
		22B6D7A42339417B0034502A /* LocalNewsTests.swift */ = {isa = PBXFileReference; lastKnownFileType = sourcecode.swift; path = LocalNewsTests.swift; sourceTree = "<group>"; };
		22B6D7A62339417B0034502A /* Info.plist */ = {isa = PBXFileReference; lastKnownFileType = text.plist.xml; path = Info.plist; sourceTree = "<group>"; };
		22F849DF233A938D00B55DD9 /* Main.storyboard */ = {isa = PBXFileReference; fileEncoding = 4; lastKnownFileType = file.storyboard; path = Main.storyboard; sourceTree = "<group>"; };
		22F849E2233A948F00B55DD9 /* SignUpVC.swift */ = {isa = PBXFileReference; fileEncoding = 4; lastKnownFileType = sourcecode.swift; path = SignUpVC.swift; sourceTree = "<group>"; };
		22F849E3233A948F00B55DD9 /* ResetPwdVC.swift */ = {isa = PBXFileReference; fileEncoding = 4; lastKnownFileType = sourcecode.swift; path = ResetPwdVC.swift; sourceTree = "<group>"; };
		22F849E4233A948F00B55DD9 /* EnterNewPwdVC.swift */ = {isa = PBXFileReference; fileEncoding = 4; lastKnownFileType = sourcecode.swift; path = EnterNewPwdVC.swift; sourceTree = "<group>"; };
		22F849E5233A948F00B55DD9 /* LoginVC.swift */ = {isa = PBXFileReference; fileEncoding = 4; lastKnownFileType = sourcecode.swift; path = LoginVC.swift; sourceTree = "<group>"; };
		22F849E6233A948F00B55DD9 /* HomeVC.swift */ = {isa = PBXFileReference; fileEncoding = 4; lastKnownFileType = sourcecode.swift; path = HomeVC.swift; sourceTree = "<group>"; };
		22F849E7233A948F00B55DD9 /* VerificationVC.swift */ = {isa = PBXFileReference; fileEncoding = 4; lastKnownFileType = sourcecode.swift; path = VerificationVC.swift; sourceTree = "<group>"; };
		22F849EF233A94D900B55DD9 /* Utilities.swift */ = {isa = PBXFileReference; fileEncoding = 4; lastKnownFileType = sourcecode.swift; path = Utilities.swift; sourceTree = "<group>"; };
		22F849F3233A94E900B55DD9 /* Segoe UI Italic.ttf */ = {isa = PBXFileReference; lastKnownFileType = file; path = "Segoe UI Italic.ttf"; sourceTree = "<group>"; };
		22F849F4233A94E900B55DD9 /* Segoe UI.ttf */ = {isa = PBXFileReference; lastKnownFileType = file; path = "Segoe UI.ttf"; sourceTree = "<group>"; };
		22F849F5233A94E900B55DD9 /* Segoe UI Bold.ttf */ = {isa = PBXFileReference; lastKnownFileType = file; path = "Segoe UI Bold.ttf"; sourceTree = "<group>"; };
		22F849F6233A94E900B55DD9 /* Segoe UI Bold Italic.ttf */ = {isa = PBXFileReference; lastKnownFileType = file; path = "Segoe UI Bold Italic.ttf"; sourceTree = "<group>"; };
		22F849F8233A94E900B55DD9 /* SFUIText-Medium.ttf */ = {isa = PBXFileReference; lastKnownFileType = file; path = "SFUIText-Medium.ttf"; sourceTree = "<group>"; };
		22F849F9233A94E900B55DD9 /* SFUIText-Regular.ttf */ = {isa = PBXFileReference; lastKnownFileType = file; path = "SFUIText-Regular.ttf"; sourceTree = "<group>"; };
		22F849FA233A94E900B55DD9 /* SFUIText-Heavy.ttf */ = {isa = PBXFileReference; lastKnownFileType = file; path = "SFUIText-Heavy.ttf"; sourceTree = "<group>"; };
		22F849FB233A94E900B55DD9 /* SFUIText-Bold.ttf */ = {isa = PBXFileReference; lastKnownFileType = file; path = "SFUIText-Bold.ttf"; sourceTree = "<group>"; };
		22F849FC233A94E900B55DD9 /* SFUIText-Light.ttf */ = {isa = PBXFileReference; lastKnownFileType = file; path = "SFUIText-Light.ttf"; sourceTree = "<group>"; };
		22F849FD233A94E900B55DD9 /* SFUIText-Semibold.ttf */ = {isa = PBXFileReference; lastKnownFileType = file; path = "SFUIText-Semibold.ttf"; sourceTree = "<group>"; };
		22F849FE233A94E900B55DD9 /* SFUIText-LightItalic.ttf */ = {isa = PBXFileReference; lastKnownFileType = file; path = "SFUIText-LightItalic.ttf"; sourceTree = "<group>"; };
		22F849FF233A94E900B55DD9 /* SFUIText-BoldItalic.ttf */ = {isa = PBXFileReference; lastKnownFileType = file; path = "SFUIText-BoldItalic.ttf"; sourceTree = "<group>"; };
		22F84A00233A94E900B55DD9 /* SFUIText-MediumItalic.ttf */ = {isa = PBXFileReference; lastKnownFileType = file; path = "SFUIText-MediumItalic.ttf"; sourceTree = "<group>"; };
		22F84A01233A94E900B55DD9 /* SFUIText-SemiboldItalic.ttf */ = {isa = PBXFileReference; lastKnownFileType = file; path = "SFUIText-SemiboldItalic.ttf"; sourceTree = "<group>"; };
		22F84A02233A94E900B55DD9 /* SFUIText-HeavyItalic.ttf */ = {isa = PBXFileReference; lastKnownFileType = file; path = "SFUIText-HeavyItalic.ttf"; sourceTree = "<group>"; };
		22F84A03233A94E900B55DD9 /* SFUIText-RegularItalic.ttf */ = {isa = PBXFileReference; lastKnownFileType = file; path = "SFUIText-RegularItalic.ttf"; sourceTree = "<group>"; };
		22F84A14233A96C600B55DD9 /* loginVideo.mp4 */ = {isa = PBXFileReference; lastKnownFileType = file; path = loginVideo.mp4; sourceTree = "<group>"; };
/* End PBXFileReference section */

/* Begin PBXFrameworksBuildPhase section */
		22B6D7872339417A0034502A /* Frameworks */ = {
			isa = PBXFrameworksBuildPhase;
			buildActionMask = 2147483647;
			files = (
			);
			runOnlyForDeploymentPostprocessing = 0;
		};
		22B6D79D2339417B0034502A /* Frameworks */ = {
			isa = PBXFrameworksBuildPhase;
			buildActionMask = 2147483647;
			files = (
			);
			runOnlyForDeploymentPostprocessing = 0;
		};
/* End PBXFrameworksBuildPhase section */

/* Begin PBXGroup section */
		22018308233A901600844E8B /* Model */ = {
			isa = PBXGroup;
			children = (
			);
			path = Model;
			sourceTree = "<group>";
		};
		22018309233A901C00844E8B /* View */ = {
			isa = PBXGroup;
			children = (
				22F849DF233A938D00B55DD9 /* Main.storyboard */,
			);
			path = View;
			sourceTree = "<group>";
		};
		2201830A233A902500844E8B /* Controller */ = {
			isa = PBXGroup;
			children = (
				22F849E1233A946700B55DD9 /* Main */,
			);
			path = Controller;
			sourceTree = "<group>";
		};
		22B6D781233941790034502A = {
			isa = PBXGroup;
			children = (
				22B6D78C2339417A0034502A /* LocalNews */,
				22B6D7A32339417B0034502A /* LocalNewsTests */,
				22B6D78B2339417A0034502A /* Products */,
			);
			sourceTree = "<group>";
		};
		22B6D78B2339417A0034502A /* Products */ = {
			isa = PBXGroup;
			children = (
				22B6D78A2339417A0034502A /* LocalNews.app */,
				22B6D7A02339417B0034502A /* LocalNewsTests.xctest */,
			);
			name = Products;
			sourceTree = "<group>";
		};
		22B6D78C2339417A0034502A /* LocalNews */ = {
			isa = PBXGroup;
			children = (
				22F84A14233A96C600B55DD9 /* loginVideo.mp4 */,
				22F849F1233A94E900B55DD9 /* CustomFonts */,
				22F849EE233A94D900B55DD9 /* ProjectHelper */,
				2201830A233A902500844E8B /* Controller */,
				22018309233A901C00844E8B /* View */,
				22018308233A901600844E8B /* Model */,
				22B6D78D2339417A0034502A /* AppDelegate.swift */,
				22B6D78F2339417A0034502A /* SceneDelegate.swift */,
				22B6D7962339417B0034502A /* Assets.xcassets */,
				22B6D7982339417B0034502A /* LaunchScreen.storyboard */,
				22B6D79B2339417B0034502A /* Info.plist */,
			);
			path = LocalNews;
			sourceTree = "<group>";
		};
		22B6D7A32339417B0034502A /* LocalNewsTests */ = {
			isa = PBXGroup;
			children = (
				22B6D7A42339417B0034502A /* LocalNewsTests.swift */,
				22B6D7A62339417B0034502A /* Info.plist */,
			);
			path = LocalNewsTests;
			sourceTree = "<group>";
		};
		22F849E1233A946700B55DD9 /* Main */ = {
			isa = PBXGroup;
			children = (
				22F849E4233A948F00B55DD9 /* EnterNewPwdVC.swift */,
				22F849E6233A948F00B55DD9 /* HomeVC.swift */,
				22F849E5233A948F00B55DD9 /* LoginVC.swift */,
				22F849E3233A948F00B55DD9 /* ResetPwdVC.swift */,
				22F849E2233A948F00B55DD9 /* SignUpVC.swift */,
				22F849E7233A948F00B55DD9 /* VerificationVC.swift */,
			);
			path = Main;
			sourceTree = "<group>";
		};
		22F849EE233A94D900B55DD9 /* ProjectHelper */ = {
			isa = PBXGroup;
			children = (
				22F849EF233A94D900B55DD9 /* Utilities.swift */,
			);
			path = ProjectHelper;
			sourceTree = "<group>";
		};
		22F849F1233A94E900B55DD9 /* CustomFonts */ = {
			isa = PBXGroup;
			children = (
				22F849F2233A94E900B55DD9 /* segoe-ui-4-cufonfonts */,
				22F849F7233A94E900B55DD9 /* sf-ui-text-2-cufonfonts */,
			);
			path = CustomFonts;
			sourceTree = "<group>";
		};
		22F849F2233A94E900B55DD9 /* segoe-ui-4-cufonfonts */ = {
			isa = PBXGroup;
			children = (
				22F849F3233A94E900B55DD9 /* Segoe UI Italic.ttf */,
				22F849F4233A94E900B55DD9 /* Segoe UI.ttf */,
				22F849F5233A94E900B55DD9 /* Segoe UI Bold.ttf */,
				22F849F6233A94E900B55DD9 /* Segoe UI Bold Italic.ttf */,
			);
			path = "segoe-ui-4-cufonfonts";
			sourceTree = "<group>";
		};
		22F849F7233A94E900B55DD9 /* sf-ui-text-2-cufonfonts */ = {
			isa = PBXGroup;
			children = (
				22F849F8233A94E900B55DD9 /* SFUIText-Medium.ttf */,
				22F849F9233A94E900B55DD9 /* SFUIText-Regular.ttf */,
				22F849FA233A94E900B55DD9 /* SFUIText-Heavy.ttf */,
				22F849FB233A94E900B55DD9 /* SFUIText-Bold.ttf */,
				22F849FC233A94E900B55DD9 /* SFUIText-Light.ttf */,
				22F849FD233A94E900B55DD9 /* SFUIText-Semibold.ttf */,
				22F849FE233A94E900B55DD9 /* SFUIText-LightItalic.ttf */,
				22F849FF233A94E900B55DD9 /* SFUIText-BoldItalic.ttf */,
				22F84A00233A94E900B55DD9 /* SFUIText-MediumItalic.ttf */,
				22F84A01233A94E900B55DD9 /* SFUIText-SemiboldItalic.ttf */,
				22F84A02233A94E900B55DD9 /* SFUIText-HeavyItalic.ttf */,
				22F84A03233A94E900B55DD9 /* SFUIText-RegularItalic.ttf */,
			);
			path = "sf-ui-text-2-cufonfonts";
			sourceTree = "<group>";
		};
/* End PBXGroup section */

/* Begin PBXNativeTarget section */
		22B6D7892339417A0034502A /* LocalNews */ = {
			isa = PBXNativeTarget;
			buildConfigurationList = 22B6D7A92339417B0034502A /* Build configuration list for PBXNativeTarget "LocalNews" */;
			buildPhases = (
				22B6D7862339417A0034502A /* Sources */,
				22B6D7872339417A0034502A /* Frameworks */,
				22B6D7882339417A0034502A /* Resources */,
			);
			buildRules = (
			);
			dependencies = (
			);
			name = LocalNews;
			productName = LocalNews;
			productReference = 22B6D78A2339417A0034502A /* LocalNews.app */;
			productType = "com.apple.product-type.application";
		};
		22B6D79F2339417B0034502A /* LocalNewsTests */ = {
			isa = PBXNativeTarget;
			buildConfigurationList = 22B6D7AC2339417B0034502A /* Build configuration list for PBXNativeTarget "LocalNewsTests" */;
			buildPhases = (
				22B6D79C2339417B0034502A /* Sources */,
				22B6D79D2339417B0034502A /* Frameworks */,
				22B6D79E2339417B0034502A /* Resources */,
			);
			buildRules = (
			);
			dependencies = (
				22B6D7A22339417B0034502A /* PBXTargetDependency */,
			);
			name = LocalNewsTests;
			productName = LocalNewsTests;
			productReference = 22B6D7A02339417B0034502A /* LocalNewsTests.xctest */;
			productType = "com.apple.product-type.bundle.unit-test";
		};
/* End PBXNativeTarget section */

/* Begin PBXProject section */
		22B6D782233941790034502A /* Project object */ = {
			isa = PBXProject;
			attributes = {
				LastSwiftUpdateCheck = 1100;
				LastUpgradeCheck = 1100;
				ORGANIZATIONNAME = "Rohit Saini";
				TargetAttributes = {
					22B6D7892339417A0034502A = {
						CreatedOnToolsVersion = 11.0;
					};
					22B6D79F2339417B0034502A = {
						CreatedOnToolsVersion = 11.0;
						TestTargetID = 22B6D7892339417A0034502A;
					};
				};
			};
			buildConfigurationList = 22B6D785233941790034502A /* Build configuration list for PBXProject "LocalNews" */;
			compatibilityVersion = "Xcode 9.3";
			developmentRegion = en;
			hasScannedForEncodings = 0;
			knownRegions = (
				en,
				Base,
			);
			mainGroup = 22B6D781233941790034502A;
			productRefGroup = 22B6D78B2339417A0034502A /* Products */;
			projectDirPath = "";
			projectRoot = "";
			targets = (
				22B6D7892339417A0034502A /* LocalNews */,
				22B6D79F2339417B0034502A /* LocalNewsTests */,
			);
		};
/* End PBXProject section */

/* Begin PBXResourcesBuildPhase section */
		22B6D7882339417A0034502A /* Resources */ = {
			isa = PBXResourcesBuildPhase;
			buildActionMask = 2147483647;
			files = (
				22F84A12233A94E900B55DD9 /* SFUIText-HeavyItalic.ttf in Resources */,
				22F84A0B233A94E900B55DD9 /* SFUIText-Bold.ttf in Resources */,
				22F84A09233A94E900B55DD9 /* SFUIText-Regular.ttf in Resources */,
				22B6D79A2339417B0034502A /* LaunchScreen.storyboard in Resources */,
				22F84A08233A94E900B55DD9 /* SFUIText-Medium.ttf in Resources */,
				22F84A06233A94E900B55DD9 /* Segoe UI Bold.ttf in Resources */,
				22F84A10233A94E900B55DD9 /* SFUIText-MediumItalic.ttf in Resources */,
				22F84A0D233A94E900B55DD9 /* SFUIText-Semibold.ttf in Resources */,
				22F84A13233A94E900B55DD9 /* SFUIText-RegularItalic.ttf in Resources */,
				22F84A15233A96C700B55DD9 /* loginVideo.mp4 in Resources */,
				22F84A0A233A94E900B55DD9 /* SFUIText-Heavy.ttf in Resources */,
				22F84A0F233A94E900B55DD9 /* SFUIText-BoldItalic.ttf in Resources */,
				22B6D7972339417B0034502A /* Assets.xcassets in Resources */,
				22F84A11233A94E900B55DD9 /* SFUIText-SemiboldItalic.ttf in Resources */,
				22F84A0C233A94E900B55DD9 /* SFUIText-Light.ttf in Resources */,
				22F84A0E233A94E900B55DD9 /* SFUIText-LightItalic.ttf in Resources */,
				22F84A05233A94E900B55DD9 /* Segoe UI.ttf in Resources */,
				22F84A04233A94E900B55DD9 /* Segoe UI Italic.ttf in Resources */,
				22F84A07233A94E900B55DD9 /* Segoe UI Bold Italic.ttf in Resources */,
				22F849E0233A938D00B55DD9 /* Main.storyboard in Resources */,
			);
			runOnlyForDeploymentPostprocessing = 0;
		};
		22B6D79E2339417B0034502A /* Resources */ = {
			isa = PBXResourcesBuildPhase;
			buildActionMask = 2147483647;
			files = (
			);
			runOnlyForDeploymentPostprocessing = 0;
		};
/* End PBXResourcesBuildPhase section */

/* Begin PBXSourcesBuildPhase section */
		22B6D7862339417A0034502A /* Sources */ = {
			isa = PBXSourcesBuildPhase;
			buildActionMask = 2147483647;
			files = (
				22B6D78E2339417A0034502A /* AppDelegate.swift in Sources */,
				22F849EC233A948F00B55DD9 /* HomeVC.swift in Sources */,
				22F849E8233A948F00B55DD9 /* SignUpVC.swift in Sources */,
				22F849ED233A948F00B55DD9 /* VerificationVC.swift in Sources */,
				22F849EB233A948F00B55DD9 /* LoginVC.swift in Sources */,
				22F849E9233A948F00B55DD9 /* ResetPwdVC.swift in Sources */,
				22F849F0233A94D900B55DD9 /* Utilities.swift in Sources */,
				22F849EA233A948F00B55DD9 /* EnterNewPwdVC.swift in Sources */,
				22B6D7902339417A0034502A /* SceneDelegate.swift in Sources */,
			);
			runOnlyForDeploymentPostprocessing = 0;
		};
		22B6D79C2339417B0034502A /* Sources */ = {
			isa = PBXSourcesBuildPhase;
			buildActionMask = 2147483647;
			files = (
				22B6D7A52339417B0034502A /* LocalNewsTests.swift in Sources */,
			);
			runOnlyForDeploymentPostprocessing = 0;
		};
/* End PBXSourcesBuildPhase section */

/* Begin PBXTargetDependency section */
		22B6D7A22339417B0034502A /* PBXTargetDependency */ = {
			isa = PBXTargetDependency;
			target = 22B6D7892339417A0034502A /* LocalNews */;
			targetProxy = 22B6D7A12339417B0034502A /* PBXContainerItemProxy */;
		};
/* End PBXTargetDependency section */

/* Begin PBXVariantGroup section */
		22B6D7982339417B0034502A /* LaunchScreen.storyboard */ = {
			isa = PBXVariantGroup;
			children = (
				22B6D7992339417B0034502A /* Base */,
			);
			name = LaunchScreen.storyboard;
			sourceTree = "<group>";
		};
/* End PBXVariantGroup section */

/* Begin XCBuildConfiguration section */
		22B6D7A72339417B0034502A /* Debug */ = {
			isa = XCBuildConfiguration;
			buildSettings = {
				ALWAYS_SEARCH_USER_PATHS = NO;
				CLANG_ANALYZER_NONNULL = YES;
				CLANG_ANALYZER_NUMBER_OBJECT_CONVERSION = YES_AGGRESSIVE;
				CLANG_CXX_LANGUAGE_STANDARD = "gnu++14";
				CLANG_CXX_LIBRARY = "libc++";
				CLANG_ENABLE_MODULES = YES;
				CLANG_ENABLE_OBJC_ARC = YES;
				CLANG_ENABLE_OBJC_WEAK = YES;
				CLANG_WARN_BLOCK_CAPTURE_AUTORELEASING = YES;
				CLANG_WARN_BOOL_CONVERSION = YES;
				CLANG_WARN_COMMA = YES;
				CLANG_WARN_CONSTANT_CONVERSION = YES;
				CLANG_WARN_DEPRECATED_OBJC_IMPLEMENTATIONS = YES;
				CLANG_WARN_DIRECT_OBJC_ISA_USAGE = YES_ERROR;
				CLANG_WARN_DOCUMENTATION_COMMENTS = YES;
				CLANG_WARN_EMPTY_BODY = YES;
				CLANG_WARN_ENUM_CONVERSION = YES;
				CLANG_WARN_INFINITE_RECURSION = YES;
				CLANG_WARN_INT_CONVERSION = YES;
				CLANG_WARN_NON_LITERAL_NULL_CONVERSION = YES;
				CLANG_WARN_OBJC_IMPLICIT_RETAIN_SELF = YES;
				CLANG_WARN_OBJC_LITERAL_CONVERSION = YES;
				CLANG_WARN_OBJC_ROOT_CLASS = YES_ERROR;
				CLANG_WARN_RANGE_LOOP_ANALYSIS = YES;
				CLANG_WARN_STRICT_PROTOTYPES = YES;
				CLANG_WARN_SUSPICIOUS_MOVE = YES;
				CLANG_WARN_UNGUARDED_AVAILABILITY = YES_AGGRESSIVE;
				CLANG_WARN_UNREACHABLE_CODE = YES;
				CLANG_WARN__DUPLICATE_METHOD_MATCH = YES;
				COPY_PHASE_STRIP = NO;
				DEBUG_INFORMATION_FORMAT = dwarf;
				ENABLE_STRICT_OBJC_MSGSEND = YES;
				ENABLE_TESTABILITY = YES;
				GCC_C_LANGUAGE_STANDARD = gnu11;
				GCC_DYNAMIC_NO_PIC = NO;
				GCC_NO_COMMON_BLOCKS = YES;
				GCC_OPTIMIZATION_LEVEL = 0;
				GCC_PREPROCESSOR_DEFINITIONS = (
					"DEBUG=1",
					"$(inherited)",
				);
				GCC_WARN_64_TO_32_BIT_CONVERSION = YES;
				GCC_WARN_ABOUT_RETURN_TYPE = YES_ERROR;
				GCC_WARN_UNDECLARED_SELECTOR = YES;
				GCC_WARN_UNINITIALIZED_AUTOS = YES_AGGRESSIVE;
				GCC_WARN_UNUSED_FUNCTION = YES;
				GCC_WARN_UNUSED_VARIABLE = YES;
				IPHONEOS_DEPLOYMENT_TARGET = 13.0;
				MTL_ENABLE_DEBUG_INFO = INCLUDE_SOURCE;
				MTL_FAST_MATH = YES;
				ONLY_ACTIVE_ARCH = YES;
				SDKROOT = iphoneos;
				SWIFT_ACTIVE_COMPILATION_CONDITIONS = DEBUG;
				SWIFT_OPTIMIZATION_LEVEL = "-Onone";
			};
			name = Debug;
		};
		22B6D7A82339417B0034502A /* Release */ = {
			isa = XCBuildConfiguration;
			buildSettings = {
				ALWAYS_SEARCH_USER_PATHS = NO;
				CLANG_ANALYZER_NONNULL = YES;
				CLANG_ANALYZER_NUMBER_OBJECT_CONVERSION = YES_AGGRESSIVE;
				CLANG_CXX_LANGUAGE_STANDARD = "gnu++14";
				CLANG_CXX_LIBRARY = "libc++";
				CLANG_ENABLE_MODULES = YES;
				CLANG_ENABLE_OBJC_ARC = YES;
				CLANG_ENABLE_OBJC_WEAK = YES;
				CLANG_WARN_BLOCK_CAPTURE_AUTORELEASING = YES;
				CLANG_WARN_BOOL_CONVERSION = YES;
				CLANG_WARN_COMMA = YES;
				CLANG_WARN_CONSTANT_CONVERSION = YES;
				CLANG_WARN_DEPRECATED_OBJC_IMPLEMENTATIONS = YES;
				CLANG_WARN_DIRECT_OBJC_ISA_USAGE = YES_ERROR;
				CLANG_WARN_DOCUMENTATION_COMMENTS = YES;
				CLANG_WARN_EMPTY_BODY = YES;
				CLANG_WARN_ENUM_CONVERSION = YES;
				CLANG_WARN_INFINITE_RECURSION = YES;
				CLANG_WARN_INT_CONVERSION = YES;
				CLANG_WARN_NON_LITERAL_NULL_CONVERSION = YES;
				CLANG_WARN_OBJC_IMPLICIT_RETAIN_SELF = YES;
				CLANG_WARN_OBJC_LITERAL_CONVERSION = YES;
				CLANG_WARN_OBJC_ROOT_CLASS = YES_ERROR;
				CLANG_WARN_RANGE_LOOP_ANALYSIS = YES;
				CLANG_WARN_STRICT_PROTOTYPES = YES;
				CLANG_WARN_SUSPICIOUS_MOVE = YES;
				CLANG_WARN_UNGUARDED_AVAILABILITY = YES_AGGRESSIVE;
				CLANG_WARN_UNREACHABLE_CODE = YES;
				CLANG_WARN__DUPLICATE_METHOD_MATCH = YES;
				COPY_PHASE_STRIP = NO;
				DEBUG_INFORMATION_FORMAT = "dwarf-with-dsym";
				ENABLE_NS_ASSERTIONS = NO;
				ENABLE_STRICT_OBJC_MSGSEND = YES;
				GCC_C_LANGUAGE_STANDARD = gnu11;
				GCC_NO_COMMON_BLOCKS = YES;
				GCC_WARN_64_TO_32_BIT_CONVERSION = YES;
				GCC_WARN_ABOUT_RETURN_TYPE = YES_ERROR;
				GCC_WARN_UNDECLARED_SELECTOR = YES;
				GCC_WARN_UNINITIALIZED_AUTOS = YES_AGGRESSIVE;
				GCC_WARN_UNUSED_FUNCTION = YES;
				GCC_WARN_UNUSED_VARIABLE = YES;
				IPHONEOS_DEPLOYMENT_TARGET = 13.0;
				MTL_ENABLE_DEBUG_INFO = NO;
				MTL_FAST_MATH = YES;
				SDKROOT = iphoneos;
				SWIFT_COMPILATION_MODE = wholemodule;
				SWIFT_OPTIMIZATION_LEVEL = "-O";
				VALIDATE_PRODUCT = YES;
			};
			name = Release;
		};
		22B6D7AA2339417B0034502A /* Debug */ = {
			isa = XCBuildConfiguration;
			buildSettings = {
				ASSETCATALOG_COMPILER_APPICON_NAME = AppIcon;
				CODE_SIGN_STYLE = Automatic;
				DEVELOPMENT_TEAM = 79Q9WFF2X8;
				INFOPLIST_FILE = LocalNews/Info.plist;
				LD_RUNPATH_SEARCH_PATHS = (
					"$(inherited)",
					"@executable_path/Frameworks",
				);
				PRODUCT_BUNDLE_IDENTIFIER = com.app.LocalNews;
				PRODUCT_NAME = "$(TARGET_NAME)";
				SWIFT_VERSION = 5.0;
				TARGETED_DEVICE_FAMILY = "1,2";
			};
			name = Debug;
		};
		22B6D7AB2339417B0034502A /* Release */ = {
			isa = XCBuildConfiguration;
			buildSettings = {
				ASSETCATALOG_COMPILER_APPICON_NAME = AppIcon;
				CODE_SIGN_STYLE = Automatic;
				DEVELOPMENT_TEAM = 79Q9WFF2X8;
				INFOPLIST_FILE = LocalNews/Info.plist;
				LD_RUNPATH_SEARCH_PATHS = (
					"$(inherited)",
					"@executable_path/Frameworks",
				);
				PRODUCT_BUNDLE_IDENTIFIER = com.app.LocalNews;
				PRODUCT_NAME = "$(TARGET_NAME)";
				SWIFT_VERSION = 5.0;
				TARGETED_DEVICE_FAMILY = "1,2";
			};
			name = Release;
		};
		22B6D7AD2339417B0034502A /* Debug */ = {
			isa = XCBuildConfiguration;
			buildSettings = {
				ALWAYS_EMBED_SWIFT_STANDARD_LIBRARIES = YES;
				BUNDLE_LOADER = "$(TEST_HOST)";
				CODE_SIGN_STYLE = Automatic;
				DEVELOPMENT_TEAM = 79Q9WFF2X8;
				INFOPLIST_FILE = LocalNewsTests/Info.plist;
				IPHONEOS_DEPLOYMENT_TARGET = 13.0;
				LD_RUNPATH_SEARCH_PATHS = (
					"$(inherited)",
					"@executable_path/Frameworks",
					"@loader_path/Frameworks",
				);
				PRODUCT_BUNDLE_IDENTIFIER = com.app.LocalNewsTests;
				PRODUCT_NAME = "$(TARGET_NAME)";
				SWIFT_VERSION = 5.0;
				TARGETED_DEVICE_FAMILY = "1,2";
				TEST_HOST = "$(BUILT_PRODUCTS_DIR)/LocalNews.app/LocalNews";
			};
			name = Debug;
		};
		22B6D7AE2339417B0034502A /* Release */ = {
			isa = XCBuildConfiguration;
			buildSettings = {
				ALWAYS_EMBED_SWIFT_STANDARD_LIBRARIES = YES;
				BUNDLE_LOADER = "$(TEST_HOST)";
				CODE_SIGN_STYLE = Automatic;
				DEVELOPMENT_TEAM = 79Q9WFF2X8;
				INFOPLIST_FILE = LocalNewsTests/Info.plist;
				IPHONEOS_DEPLOYMENT_TARGET = 13.0;
				LD_RUNPATH_SEARCH_PATHS = (
					"$(inherited)",
					"@executable_path/Frameworks",
					"@loader_path/Frameworks",
				);
				PRODUCT_BUNDLE_IDENTIFIER = com.app.LocalNewsTests;
				PRODUCT_NAME = "$(TARGET_NAME)";
				SWIFT_VERSION = 5.0;
				TARGETED_DEVICE_FAMILY = "1,2";
				TEST_HOST = "$(BUILT_PRODUCTS_DIR)/LocalNews.app/LocalNews";
			};
			name = Release;
		};
/* End XCBuildConfiguration section */

/* Begin XCConfigurationList section */
		22B6D785233941790034502A /* Build configuration list for PBXProject "LocalNews" */ = {
			isa = XCConfigurationList;
			buildConfigurations = (
				22B6D7A72339417B0034502A /* Debug */,
				22B6D7A82339417B0034502A /* Release */,
			);
			defaultConfigurationIsVisible = 0;
			defaultConfigurationName = Release;
		};
		22B6D7A92339417B0034502A /* Build configuration list for PBXNativeTarget "LocalNews" */ = {
			isa = XCConfigurationList;
			buildConfigurations = (
				22B6D7AA2339417B0034502A /* Debug */,
				22B6D7AB2339417B0034502A /* Release */,
			);
			defaultConfigurationIsVisible = 0;
			defaultConfigurationName = Release;
		};
		22B6D7AC2339417B0034502A /* Build configuration list for PBXNativeTarget "LocalNewsTests" */ = {
			isa = XCConfigurationList;
			buildConfigurations = (
				22B6D7AD2339417B0034502A /* Debug */,
				22B6D7AE2339417B0034502A /* Release */,
			);
			defaultConfigurationIsVisible = 0;
			defaultConfigurationName = Release;
		};
/* End XCConfigurationList section */
	};
	rootObject = 22B6D782233941790034502A /* Project object */;
}
